<Solution>
  <Folder Name="/.root/">
    <File Path=".gitattributes" />
    <File Path=".gitignore" />
    <File Path="LICENSE" />
    <File Path="release-notes.md" />
  </Folder>
  <Folder Name="/.root/.github/" />
  <Folder Name="/.root/.github/workflow/">
    <File Path=".github/workflows/build.yml" />
  </Folder>
  <Project Path="Server/AntiCheatServer.csproj" />
</Solution>
